// !$*UTF8*$!
{
	archiveVersion = 1;
	classes = {
	};
	objectVersion = 46;
	objects = {

/* Begin PBXBuildFile section */
		5C2F0E8A1EB302C20078CB82 /* AppDelegate.swift in Sources */ = {isa = PBXBuildFile; fileRef = 5C2F0E891EB302C20078CB82 /* AppDelegate.swift */; };
		5C2F0E8C1EB302C20078CB82 /* ViewController.swift in Sources */ = {isa = PBXBuildFile; fileRef = 5C2F0E8B1EB302C20078CB82 /* ViewController.swift */; };
		5C2F0E8F1EB302C20078CB82 /* Main.storyboard in Resources */ = {isa = PBXBuildFile; fileRef = 5C2F0E8D1EB302C20078CB82 /* Main.storyboard */; };
		5C2F0E911EB302C20078CB82 /* Assets.xcassets in Resources */ = {isa = PBXBuildFile; fileRef = 5C2F0E901EB302C20078CB82 /* Assets.xcassets */; };
		5C2F0E941EB302C30078CB82 /* LaunchScreen.storyboard in Resources */ = {isa = PBXBuildFile; fileRef = 5C2F0E921EB302C30078CB82 /* LaunchScreen.storyboard */; };
		5C2F0E9F1EB302C30078CB82 /* DouYTests.swift in Sources */ = {isa = PBXBuildFile; fileRef = 5C2F0E9E1EB302C30078CB82 /* DouYTests.swift */; };
		5C2F0EAA1EB302C30078CB82 /* DouYUITests.swift in Sources */ = {isa = PBXBuildFile; fileRef = 5C2F0EA91EB302C30078CB82 /* DouYUITests.swift */; };
/* End PBXBuildFile section */

/* Begin PBXContainerItemProxy section */
		5C2F0E9B1EB302C30078CB82 /* PBXContainerItemProxy */ = {
			isa = PBXContainerItemProxy;
			containerPortal = 5C2F0E7E1EB302C20078CB82 /* Project object */;
			proxyType = 1;
			remoteGlobalIDString = 5C2F0E851EB302C20078CB82;
			remoteInfo = DouY;
		};
		5C2F0EA61EB302C30078CB82 /* PBXContainerItemProxy */ = {
			isa = PBXContainerItemProxy;
			containerPortal = 5C2F0E7E1EB302C20078CB82 /* Project object */;
			proxyType = 1;
			remoteGlobalIDString = 5C2F0E851EB302C20078CB82;
			remoteInfo = DouY;
		};
/* End PBXContainerItemProxy section */

/* Begin PBXFileReference section */
		5C2F0E861EB302C20078CB82 /* DouY.app */ = {isa = PBXFileReference; explicitFileType = wrapper.application; includeInIndex = 0; path = DouY.app; sourceTree = BUILT_PRODUCTS_DIR; };
		5C2F0E891EB302C20078CB82 /* AppDelegate.swift */ = {isa = PBXFileReference; lastKnownFileType = sourcecode.swift; path = AppDelegate.swift; sourceTree = "<group>"; };
		5C2F0E8B1EB302C20078CB82 /* ViewController.swift */ = {isa = PBXFileReference; lastKnownFileType = sourcecode.swift; path = ViewController.swift; sourceTree = "<group>"; };
		5C2F0E8E1EB302C20078CB82 /* Base */ = {isa = PBXFileReference; lastKnownFileType = file.storyboard; name = Base; path = Base.lproj/Main.storyboard; sourceTree = "<group>"; };
		5C2F0E901EB302C20078CB82 /* Assets.xcassets */ = {isa = PBXFileReference; lastKnownFileType = folder.assetcatalog; path = Assets.xcassets; sourceTree = "<group>"; };
		5C2F0E931EB302C30078CB82 /* Base */ = {isa = PBXFileReference; lastKnownFileType = file.storyboard; name = Base; path = Base.lproj/LaunchScreen.storyboard; sourceTree = "<group>"; };
		5C2F0E951EB302C30078CB82 /* Info.plist */ = {isa = PBXFileReference; lastKnownFileType = text.plist.xml; path = Info.plist; sourceTree = "<group>"; };
		5C2F0E9A1EB302C30078CB82 /* DouYTests.xctest */ = {isa = PBXFileReference; explicitFileType = wrapper.cfbundle; includeInIndex = 0; path = DouYTests.xctest; sourceTree = BUILT_PRODUCTS_DIR; };
		5C2F0E9E1EB302C30078CB82 /* DouYTests.swift */ = {isa = PBXFileReference; lastKnownFileType = sourcecode.swift; path = DouYTests.swift; sourceTree = "<group>"; };
		5C2F0EA01EB302C30078CB82 /* Info.plist */ = {isa = PBXFileReference; lastKnownFileType = text.plist.xml; path = Info.plist; sourceTree = "<group>"; };
		5C2F0EA51EB302C30078CB82 /* DouYUITests.xctest */ = {isa = PBXFileReference; explicitFileType = wrapper.cfbundle; includeInIndex = 0; path = DouYUITests.xctest; sourceTree = BUILT_PRODUCTS_DIR; };
		5C2F0EA91EB302C30078CB82 /* DouYUITests.swift */ = {isa = PBXFileReference; lastKnownFileType = sourcecode.swift; path = DouYUITests.swift; sourceTree = "<group>"; };
		5C2F0EAB1EB302C30078CB82 /* Info.plist */ = {isa = PBXFileReference; lastKnownFileType = text.plist.xml; path = Info.plist; sourceTree = "<group>"; };
/* End PBXFileReference section */

/* Begin PBXFrameworksBuildPhase section */
		5C2F0E831EB302C20078CB82 /* Frameworks */ = {
			isa = PBXFrameworksBuildPhase;
			buildActionMask = 2147483647;
			files = (
			);
			runOnlyForDeploymentPostprocessing = 0;
		};
		5C2F0E971EB302C30078CB82 /* Frameworks */ = {
			isa = PBXFrameworksBuildPhase;
			buildActionMask = 2147483647;
			files = (
			);
			runOnlyForDeploymentPostprocessing = 0;
		};
		5C2F0EA21EB302C30078CB82 /* Frameworks */ = {
			isa = PBXFrameworksBuildPhase;
			buildActionMask = 2147483647;
			files = (
			);
			runOnlyForDeploymentPostprocessing = 0;
		};
/* End PBXFrameworksBuildPhase section */

/* Begin PBXGroup section */
		5C2F0E7D1EB302C20078CB82 = {
			isa = PBXGroup;
			children = (
				5C2F0E881EB302C20078CB82 /* DouY */,
				5C2F0E9D1EB302C30078CB82 /* DouYTests */,
				5C2F0EA81EB302C30078CB82 /* DouYUITests */,
				5C2F0E871EB302C20078CB82 /* Products */,
			);
			sourceTree = "<group>";
		};
		5C2F0E871EB302C20078CB82 /* Products */ = {
			isa = PBXGroup;
			children = (
				5C2F0E861EB302C20078CB82 /* DouY.app */,
				5C2F0E9A1EB302C30078CB82 /* DouYTests.xctest */,
				5C2F0EA51EB302C30078CB82 /* DouYUITests.xctest */,
			);
			name = Products;
			sourceTree = "<group>";
		};
		5C2F0E881EB302C20078CB82 /* DouY */ = {
			isa = PBXGroup;
			children = (
				5C2F0E891EB302C20078CB82 /* AppDelegate.swift */,
				5C2F0E8B1EB302C20078CB82 /* ViewController.swift */,
				5C2F0E8D1EB302C20078CB82 /* Main.storyboard */,
				5C2F0E901EB302C20078CB82 /* Assets.xcassets */,
				5C2F0E921EB302C30078CB82 /* LaunchScreen.storyboard */,
				5C2F0E951EB302C30078CB82 /* Info.plist */,
			);
			path = DouY;
			sourceTree = "<group>";
		};
		5C2F0E9D1EB302C30078CB82 /* DouYTests */ = {
			isa = PBXGroup;
			children = (
				5C2F0E9E1EB302C30078CB82 /* DouYTests.swift */,
				5C2F0EA01EB302C30078CB82 /* Info.plist */,
			);
			path = DouYTests;
			sourceTree = "<group>";
		};
		5C2F0EA81EB302C30078CB82 /* DouYUITests */ = {
			isa = PBXGroup;
			children = (
				5C2F0EA91EB302C30078CB82 /* DouYUITests.swift */,
				5C2F0EAB1EB302C30078CB82 /* Info.plist */,
			);
			path = DouYUITests;
			sourceTree = "<group>";
		};
/* End PBXGroup section */

/* Begin PBXNativeTarget section */
		5C2F0E851EB302C20078CB82 /* DouY */ = {
			isa = PBXNativeTarget;
			buildConfigurationList = 5C2F0EAE1EB302C30078CB82 /* Build configuration list for PBXNativeTarget "DouY" */;
			buildPhases = (
				5C2F0E821EB302C20078CB82 /* Sources */,
				5C2F0E831EB302C20078CB82 /* Frameworks */,
				5C2F0E841EB302C20078CB82 /* Resources */,
			);
			buildRules = (
			);
			dependencies = (
			);
			name = DouY;
			productName = DouY;
			productReference = 5C2F0E861EB302C20078CB82 /* DouY.app */;
			productType = "com.apple.product-type.application";
		};
		5C2F0E991EB302C30078CB82 /* DouYTests */ = {
			isa = PBXNativeTarget;
			buildConfigurationList = 5C2F0EB11EB302C30078CB82 /* Build configuration list for PBXNativeTarget "DouYTests" */;
			buildPhases = (
				5C2F0E961EB302C30078CB82 /* Sources */,
				5C2F0E971EB302C30078CB82 /* Frameworks */,
				5C2F0E981EB302C30078CB82 /* Resources */,
			);
			buildRules = (
			);
			dependencies = (
				5C2F0E9C1EB302C30078CB82 /* PBXTargetDependency */,
			);
			name = DouYTests;
			productName = DouYTests;
			productReference = 5C2F0E9A1EB302C30078CB82 /* DouYTests.xctest */;
			productType = "com.apple.product-type.bundle.unit-test";
		};
		5C2F0EA41EB302C30078CB82 /* DouYUITests */ = {
			isa = PBXNativeTarget;
			buildConfigurationList = 5C2F0EB41EB302C30078CB82 /* Build configuration list for PBXNativeTarget "DouYUITests" */;
			buildPhases = (
				5C2F0EA11EB302C30078CB82 /* Sources */,
				5C2F0EA21EB302C30078CB82 /* Frameworks */,
				5C2F0EA31EB302C30078CB82 /* Resources */,
			);
			buildRules = (
			);
			dependencies = (
				5C2F0EA71EB302C30078CB82 /* PBXTargetDependency */,
			);
			name = DouYUITests;
			productName = DouYUITests;
			productReference = 5C2F0EA51EB302C30078CB82 /* DouYUITests.xctest */;
			productType = "com.apple.product-type.bundle.ui-testing";
		};
/* End PBXNativeTarget section */

/* Begin PBXProject section */
		5C2F0E7E1EB302C20078CB82 /* Project object */ = {
			isa = PBXProject;
			attributes = {
				LastSwiftUpdateCheck = 0830;
				LastUpgradeCheck = 0830;
				ORGANIZATIONNAME = "周江";
				TargetAttributes = {
					5C2F0E851EB302C20078CB82 = {
						CreatedOnToolsVersion = 8.3.2;
						ProvisioningStyle = Automatic;
					};
					5C2F0E991EB302C30078CB82 = {
						CreatedOnToolsVersion = 8.3.2;
						ProvisioningStyle = Automatic;
						TestTargetID = 5C2F0E851EB302C20078CB82;
					};
					5C2F0EA41EB302C30078CB82 = {
						CreatedOnToolsVersion = 8.3.2;
						ProvisioningStyle = Automatic;
						TestTargetID = 5C2F0E851EB302C20078CB82;
					};
				};
			};
			buildConfigurationList = 5C2F0E811EB302C20078CB82 /* Build configuration list for PBXProject "DouY" */;
			compatibilityVersion = "Xcode 3.2";
			developmentRegion = English;
			hasScannedForEncodings = 0;
			knownRegions = (
				en,
				Base,
			);
			mainGroup = 5C2F0E7D1EB302C20078CB82;
			productRefGroup = 5C2F0E871EB302C20078CB82 /* Products */;
			projectDirPath = "";
			projectRoot = "";
			targets = (
				5C2F0E851EB302C20078CB82 /* DouY */,
				5C2F0E991EB302C30078CB82 /* DouYTests */,
				5C2F0EA41EB302C30078CB82 /* DouYUITests */,
			);
		};
/* End PBXProject section */

/* Begin PBXResourcesBuildPhase section */
		5C2F0E841EB302C20078CB82 /* Resources */ = {
			isa = PBXResourcesBuildPhase;
			buildActionMask = 2147483647;
			files = (
				5C2F0E941EB302C30078CB82 /* LaunchScreen.storyboard in Resources */,
				5C2F0E911EB302C20078CB82 /* Assets.xcassets in Resources */,
				5C2F0E8F1EB302C20078CB82 /* Main.storyboard in Resources */,
			);
			runOnlyForDeploymentPostprocessing = 0;
		};
		5C2F0E981EB302C30078CB82 /* Resources */ = {
			isa = PBXResourcesBuildPhase;
			buildActionMask = 2147483647;
			files = (
			);
			runOnlyForDeploymentPostprocessing = 0;
		};
		5C2F0EA31EB302C30078CB82 /* Resources */ = {
			isa = PBXResourcesBuildPhase;
			buildActionMask = 2147483647;
			files = (
			);
			runOnlyForDeploymentPostprocessing = 0;
		};
/* End PBXResourcesBuildPhase section */

/* Begin PBXSourcesBuildPhase section */
		5C2F0E821EB302C20078CB82 /* Sources */ = {
			isa = PBXSourcesBuildPhase;
			buildActionMask = 2147483647;
			files = (
				5C2F0E8C1EB302C20078CB82 /* ViewController.swift in Sources */,
				5C2F0E8A1EB302C20078CB82 /* AppDelegate.swift in Sources */,
			);
			runOnlyForDeploymentPostprocessing = 0;
		};
		5C2F0E961EB302C30078CB82 /* Sources */ = {
			isa = PBXSourcesBuildPhase;
			buildActionMask = 2147483647;
			files = (
				5C2F0E9F1EB302C30078CB82 /* DouYTests.swift in Sources */,
			);
			runOnlyForDeploymentPostprocessing = 0;
		};
		5C2F0EA11EB302C30078CB82 /* Sources */ = {
			isa = PBXSourcesBuildPhase;
			buildActionMask = 2147483647;
			files = (
				5C2F0EAA1EB302C30078CB82 /* DouYUITests.swift in Sources */,
			);
			runOnlyForDeploymentPostprocessing = 0;
		};
/* End PBXSourcesBuildPhase section */

/* Begin PBXTargetDependency section */
		5C2F0E9C1EB302C30078CB82 /* PBXTargetDependency */ = {
			isa = PBXTargetDependency;
			target = 5C2F0E851EB302C20078CB82 /* DouY */;
			targetProxy = 5C2F0E9B1EB302C30078CB82 /* PBXContainerItemProxy */;
		};
		5C2F0EA71EB302C30078CB82 /* PBXTargetDependency */ = {
			isa = PBXTargetDependency;
			target = 5C2F0E851EB302C20078CB82 /* DouY */;
			targetProxy = 5C2F0EA61EB302C30078CB82 /* PBXContainerItemProxy */;
		};
/* End PBXTargetDependency section */

/* Begin PBXVariantGroup section */
		5C2F0E8D1EB302C20078CB82 /* Main.storyboard */ = {
			isa = PBXVariantGroup;
			children = (
				5C2F0E8E1EB302C20078CB82 /* Base */,
			);
			name = Main.storyboard;
			sourceTree = "<group>";
		};
		5C2F0E921EB302C30078CB82 /* LaunchScreen.storyboard */ = {
			isa = PBXVariantGroup;
			children = (
				5C2F0E931EB302C30078CB82 /* Base */,
			);
			name = LaunchScreen.storyboard;
			sourceTree = "<group>";
		};
/* End PBXVariantGroup section */

/* Begin XCBuildConfiguration section */
		5C2F0EAC1EB302C30078CB82 /* Debug */ = {
			isa = XCBuildConfiguration;
			buildSettings = {
				ALWAYS_SEARCH_USER_PATHS = NO;
				CLANG_ANALYZER_NONNULL = YES;
				CLANG_ANALYZER_NUMBER_OBJECT_CONVERSION = YES_AGGRESSIVE;
				CLANG_CXX_LANGUAGE_STANDARD = "gnu++0x";
				CLANG_CXX_LIBRARY = "libc++";
				CLANG_ENABLE_MODULES = YES;
				CLANG_ENABLE_OBJC_ARC = YES;
				CLANG_WARN_BOOL_CONVERSION = YES;
				CLANG_WARN_CONSTANT_CONVERSION = YES;
				CLANG_WARN_DIRECT_OBJC_ISA_USAGE = YES_ERROR;
				CLANG_WARN_DOCUMENTATION_COMMENTS = YES;
				CLANG_WARN_EMPTY_BODY = YES;
				CLANG_WARN_ENUM_CONVERSION = YES;
				CLANG_WARN_INFINITE_RECURSION = YES;
				CLANG_WARN_INT_CONVERSION = YES;
				CLANG_WARN_OBJC_ROOT_CLASS = YES_ERROR;
				CLANG_WARN_SUSPICIOUS_MOVE = YES;
				CLANG_WARN_UNREACHABLE_CODE = YES;
				CLANG_WARN__DUPLICATE_METHOD_MATCH = YES;
				"CODE_SIGN_IDENTITY[sdk=iphoneos*]" = "iPhone Developer";
				COPY_PHASE_STRIP = NO;
				DEBUG_INFORMATION_FORMAT = dwarf;
				ENABLE_STRICT_OBJC_MSGSEND = YES;
				ENABLE_TESTABILITY = YES;
				GCC_C_LANGUAGE_STANDARD = gnu99;
				GCC_DYNAMIC_NO_PIC = NO;
				GCC_NO_COMMON_BLOCKS = YES;
				GCC_OPTIMIZATION_LEVEL = 0;
				GCC_PREPROCESSOR_DEFINITIONS = (
					"DEBUG=1",
					"$(inherited)",
				);
				GCC_WARN_64_TO_32_BIT_CONVERSION = YES;
				GCC_WARN_ABOUT_RETURN_TYPE = YES_ERROR;
				GCC_WARN_UNDECLARED_SELECTOR = YES;
				GCC_WARN_UNINITIALIZED_AUTOS = YES_AGGRESSIVE;
				GCC_WARN_UNUSED_FUNCTION = YES;
				GCC_WARN_UNUSED_VARIABLE = YES;
				IPHONEOS_DEPLOYMENT_TARGET = 10.3;
				MTL_ENABLE_DEBUG_INFO = YES;
				ONLY_ACTIVE_ARCH = YES;
				SDKROOT = iphoneos;
				SWIFT_ACTIVE_COMPILATION_CONDITIONS = DEBUG;
				SWIFT_OPTIMIZATION_LEVEL = "-Onone";
				TARGETED_DEVICE_FAMILY = "1,2";
			};
			name = Debug;
		};
		5C2F0EAD1EB302C30078CB82 /* Release */ = {
			isa = XCBuildConfiguration;
			buildSettings = {
				ALWAYS_SEARCH_USER_PATHS = NO;
				CLANG_ANALYZER_NONNULL = YES;
				CLANG_ANALYZER_NUMBER_OBJECT_CONVERSION = YES_AGGRESSIVE;
				CLANG_CXX_LANGUAGE_STANDARD = "gnu++0x";
				CLANG_CXX_LIBRARY = "libc++";
				CLANG_ENABLE_MODULES = YES;
				CLANG_ENABLE_OBJC_ARC = YES;
				CLANG_WARN_BOOL_CONVERSION = YES;
				CLANG_WARN_CONSTANT_CONVERSION = YES;
				CLANG_WARN_DIRECT_OBJC_ISA_USAGE = YES_ERROR;
				CLANG_WARN_DOCUMENTATION_COMMENTS = YES;
				CLANG_WARN_EMPTY_BODY = YES;
				CLANG_WARN_ENUM_CONVERSION = YES;
				CLANG_WARN_INFINITE_RECURSION = YES;
				CLANG_WARN_INT_CONVERSION = YES;
				CLANG_WARN_OBJC_ROOT_CLASS = YES_ERROR;
				CLANG_WARN_SUSPICIOUS_MOVE = YES;
				CLANG_WARN_UNREACHABLE_CODE = YES;
				CLANG_WARN__DUPLICATE_METHOD_MATCH = YES;
				"CODE_SIGN_IDENTITY[sdk=iphoneos*]" = "iPhone Developer";
				COPY_PHASE_STRIP = NO;
				DEBUG_INFORMATION_FORMAT = "dwarf-with-dsym";
				ENABLE_NS_ASSERTIONS = NO;
				ENABLE_STRICT_OBJC_MSGSEND = YES;
				GCC_C_LANGUAGE_STANDARD = gnu99;
				GCC_NO_COMMON_BLOCKS = YES;
				GCC_WARN_64_TO_32_BIT_CONVERSION = YES;
				GCC_WARN_ABOUT_RETURN_TYPE = YES_ERROR;
				GCC_WARN_UNDECLARED_SELECTOR = YES;
				GCC_WARN_UNINITIALIZED_AUTOS = YES_AGGRESSIVE;
				GCC_WARN_UNUSED_FUNCTION = YES;
				GCC_WARN_UNUSED_VARIABLE = YES;
				IPHONEOS_DEPLOYMENT_TARGET = 10.3;
				MTL_ENABLE_DEBUG_INFO = NO;
				SDKROOT = iphoneos;
				SWIFT_OPTIMIZATION_LEVEL = "-Owholemodule";
				TARGETED_DEVICE_FAMILY = "1,2";
				VALIDATE_PRODUCT = YES;
			};
			name = Release;
		};
		5C2F0EAF1EB302C30078CB82 /* Debug */ = {
			isa = XCBuildConfiguration;
			buildSettings = {
				ASSETCATALOG_COMPILER_APPICON_NAME = AppIcon;
				ASSETCATALOG_COMPILER_LAUNCHIMAGE_NAME = LaunchImage;
				INFOPLIST_FILE = DouY/Info.plist;
				LD_RUNPATH_SEARCH_PATHS = "$(inherited) @executable_path/Frameworks";
				PRODUCT_BUNDLE_IDENTIFIER = com.zlj.DouY;
				PRODUCT_NAME = "$(TARGET_NAME)";
				SWIFT_VERSION = 3.0;
			};
			name = Debug;
		};
		5C2F0EB01EB302C30078CB82 /* Release */ = {
			isa = XCBuildConfiguration;
			buildSettings = {
				ASSETCATALOG_COMPILER_APPICON_NAME = AppIcon;
				ASSETCATALOG_COMPILER_LAUNCHIMAGE_NAME = LaunchImage;
				INFOPLIST_FILE = DouY/Info.plist;
				LD_RUNPATH_SEARCH_PATHS = "$(inherited) @executable_path/Frameworks";
				PRODUCT_BUNDLE_IDENTIFIER = com.zlj.DouY;
				PRODUCT_NAME = "$(TARGET_NAME)";
				SWIFT_VERSION = 3.0;
			};
			name = Release;
		};
		5C2F0EB21EB302C30078CB82 /* Debug */ = {
			isa = XCBuildConfiguration;
			buildSettings = {
				ALWAYS_EMBED_SWIFT_STANDARD_LIBRARIES = YES;
				BUNDLE_LOADER = "$(TEST_HOST)";
				INFOPLIST_FILE = DouYTests/Info.plist;
				LD_RUNPATH_SEARCH_PATHS = "$(inherited) @executable_path/Frameworks @loader_path/Frameworks";
				PRODUCT_BUNDLE_IDENTIFIER = com.zlj.DouYTests;
				PRODUCT_NAME = "$(TARGET_NAME)";
				SWIFT_VERSION = 3.0;
				TEST_HOST = "$(BUILT_PRODUCTS_DIR)/DouY.app/DouY";
			};
			name = Debug;
		};
		5C2F0EB31EB302C30078CB82 /* Release */ = {
			isa = XCBuildConfiguration;
			buildSettings = {
				ALWAYS_EMBED_SWIFT_STANDARD_LIBRARIES = YES;
				BUNDLE_LOADER = "$(TEST_HOST)";
				INFOPLIST_FILE = DouYTests/Info.plist;
				LD_RUNPATH_SEARCH_PATHS = "$(inherited) @executable_path/Frameworks @loader_path/Frameworks";
				PRODUCT_BUNDLE_IDENTIFIER = com.zlj.DouYTests;
				PRODUCT_NAME = "$(TARGET_NAME)";
				SWIFT_VERSION = 3.0;
				TEST_HOST = "$(BUILT_PRODUCTS_DIR)/DouY.app/DouY";
			};
			name = Release;
		};
		5C2F0EB51EB302C30078CB82 /* Debug */ = {
			isa = XCBuildConfiguration;
			buildSettings = {
				ALWAYS_EMBED_SWIFT_STANDARD_LIBRARIES = YES;
				INFOPLIST_FILE = DouYUITests/Info.plist;
				LD_RUNPATH_SEARCH_PATHS = "$(inherited) @executable_path/Frameworks @loader_path/Frameworks";
				PRODUCT_BUNDLE_IDENTIFIER = com.zlj.DouYUITests;
				PRODUCT_NAME = "$(TARGET_NAME)";
				SWIFT_VERSION = 3.0;
				TEST_TARGET_NAME = DouY;
			};
			name = Debug;
		};
		5C2F0EB61EB302C30078CB82 /* Release */ = {
			isa = XCBuildConfiguration;
			buildSettings = {
				ALWAYS_EMBED_SWIFT_STANDARD_LIBRARIES = YES;
				INFOPLIST_FILE = DouYUITests/Info.plist;
				LD_RUNPATH_SEARCH_PATHS = "$(inherited) @executable_path/Frameworks @loader_path/Frameworks";
				PRODUCT_BUNDLE_IDENTIFIER = com.zlj.DouYUITests;
				PRODUCT_NAME = "$(TARGET_NAME)";
				SWIFT_VERSION = 3.0;
				TEST_TARGET_NAME = DouY;
			};
			name = Release;
		};
/* End XCBuildConfiguration section */

/* Begin XCConfigurationList section */
		5C2F0E811EB302C20078CB82 /* Build configuration list for PBXProject "DouY" */ = {
			isa = XCConfigurationList;
			buildConfigurations = (
				5C2F0EAC1EB302C30078CB82 /* Debug */,
				5C2F0EAD1EB302C30078CB82 /* Release */,
			);
			defaultConfigurationIsVisible = 0;
			defaultConfigurationName = Release;
		};
		5C2F0EAE1EB302C30078CB82 /* Build configuration list for PBXNativeTarget "DouY" */ = {
			isa = XCConfigurationList;
			buildConfigurations = (
				5C2F0EAF1EB302C30078CB82 /* Debug */,
				5C2F0EB01EB302C30078CB82 /* Release */,
			);
			defaultConfigurationIsVisible = 0;
			defaultConfigurationName = Release;
		};
		5C2F0EB11EB302C30078CB82 /* Build configuration list for PBXNativeTarget "DouYTests" */ = {
			isa = XCConfigurationList;
			buildConfigurations = (
				5C2F0EB21EB302C30078CB82 /* Debug */,
				5C2F0EB31EB302C30078CB82 /* Release */,
			);
			defaultConfigurationIsVisible = 0;
			defaultConfigurationName = Release;
		};
		5C2F0EB41EB302C30078CB82 /* Build configuration list for PBXNativeTarget "DouYUITests" */ = {
			isa = XCConfigurationList;
			buildConfigurations = (
				5C2F0EB51EB302C30078CB82 /* Debug */,
				5C2F0EB61EB302C30078CB82 /* Release */,
			);
			defaultConfigurationIsVisible = 0;
			defaultConfigurationName = Release;
		};
/* End XCConfigurationList section */
	};
	rootObject = 5C2F0E7E1EB302C20078CB82 /* Project object */;
}
